# THIS IS AN AUTOGENERATED FILE. DO NOT EDIT THIS FILE DIRECTLY.
# yarn lockfile v1


bootstrap-autocomplete@^2.3.7:
  version "2.3.7"
  resolved "https://registry.yarnpkg.com/bootstrap-autocomplete/-/bootstrap-autocomplete-2.3.7.tgz#d3d0ebfe124f8b0299a99b1ecdf885816bbf29d8"
  integrity sha512-YD2bev4bDTLsAzkr6lSTuMZOcE7k2+c2BYbtIT+j/XpPnM5ADLlbhR4NnpSsfg6Vde5xQckG/IbdRKrLlAtXOw==
